// !$*UTF8*$!
{
	archiveVersion = 1;
	classes = {
	};
	objectVersion = 48;
	objects = {

/* Begin PBXBuildFile section */
		3557C1A6EB9701FE063FBD81 /* Pods_ToDoList.framework in Frameworks */ = {isa = PBXBuildFile; fileRef = D44EE9B79C92C1B2A2E346DD /* Pods_ToDoList.framework */; };
		9ACB76492131607E00454854 /* CategoryViewController.swift in Sources */ = {isa = PBXBuildFile; fileRef = 9ACB76482131607E00454854 /* CategoryViewController.swift */; };
		9AD9FB0F2134713A0066B758 /* Item.swift in Sources */ = {isa = PBXBuildFile; fileRef = 9AD9FB0E2134713A0066B758 /* Item.swift */; };
		9AD9FB11213471470066B758 /* Category.swift in Sources */ = {isa = PBXBuildFile; fileRef = 9AD9FB10213471470066B758 /* Category.swift */; };
		9AE5864F212B2BC500AE5012 /* AppDelegate.swift in Sources */ = {isa = PBXBuildFile; fileRef = 9AE5864E212B2BC500AE5012 /* AppDelegate.swift */; };
		9AE58651212B2BC500AE5012 /* ToDoListViewController.swift in Sources */ = {isa = PBXBuildFile; fileRef = 9AE58650212B2BC500AE5012 /* ToDoListViewController.swift */; };
		9AE58654212B2BC500AE5012 /* Main.storyboard in Resources */ = {isa = PBXBuildFile; fileRef = 9AE58652212B2BC500AE5012 /* Main.storyboard */; };
		9AE58656212B2BC500AE5012 /* Assets.xcassets in Resources */ = {isa = PBXBuildFile; fileRef = 9AE58655212B2BC500AE5012 /* Assets.xcassets */; };
		9AE58659212B2BC500AE5012 /* LaunchScreen.storyboard in Resources */ = {isa = PBXBuildFile; fileRef = 9AE58657212B2BC500AE5012 /* LaunchScreen.storyboard */; };
/* End PBXBuildFile section */

/* Begin PBXFileReference section */
		1F8715380DA4B111D1B97E6C /* Pods-ToDoList.release.xcconfig */ = {isa = PBXFileReference; includeInIndex = 1; lastKnownFileType = text.xcconfig; name = "Pods-ToDoList.release.xcconfig"; path = "Pods/Target Support Files/Pods-ToDoList/Pods-ToDoList.release.xcconfig"; sourceTree = "<group>"; };
		818D21E9A5D62D4E499BD1A6 /* Pods-ToDoList.debug.xcconfig */ = {isa = PBXFileReference; includeInIndex = 1; lastKnownFileType = text.xcconfig; name = "Pods-ToDoList.debug.xcconfig"; path = "Pods/Target Support Files/Pods-ToDoList/Pods-ToDoList.debug.xcconfig"; sourceTree = "<group>"; };
		9ACB76482131607E00454854 /* CategoryViewController.swift */ = {isa = PBXFileReference; lastKnownFileType = sourcecode.swift; path = CategoryViewController.swift; sourceTree = "<group>"; };
		9AD9FB0E2134713A0066B758 /* Item.swift */ = {isa = PBXFileReference; lastKnownFileType = sourcecode.swift; path = Item.swift; sourceTree = "<group>"; };
		9AD9FB10213471470066B758 /* Category.swift */ = {isa = PBXFileReference; lastKnownFileType = sourcecode.swift; path = Category.swift; sourceTree = "<group>"; };
		9AE5864B212B2BC500AE5012 /* ToDoList.app */ = {isa = PBXFileReference; explicitFileType = wrapper.application; includeInIndex = 0; path = ToDoList.app; sourceTree = BUILT_PRODUCTS_DIR; };
		9AE5864E212B2BC500AE5012 /* AppDelegate.swift */ = {isa = PBXFileReference; lastKnownFileType = sourcecode.swift; path = AppDelegate.swift; sourceTree = "<group>"; };
		9AE58650212B2BC500AE5012 /* ToDoListViewController.swift */ = {isa = PBXFileReference; lastKnownFileType = sourcecode.swift; path = ToDoListViewController.swift; sourceTree = "<group>"; };
		9AE58653212B2BC500AE5012 /* Base */ = {isa = PBXFileReference; lastKnownFileType = file.storyboard; name = Base; path = Base.lproj/Main.storyboard; sourceTree = "<group>"; };
		9AE58655212B2BC500AE5012 /* Assets.xcassets */ = {isa = PBXFileReference; lastKnownFileType = folder.assetcatalog; path = Assets.xcassets; sourceTree = "<group>"; };
		9AE58658212B2BC500AE5012 /* Base */ = {isa = PBXFileReference; lastKnownFileType = file.storyboard; name = Base; path = Base.lproj/LaunchScreen.storyboard; sourceTree = "<group>"; };
		9AE5865A212B2BC500AE5012 /* Info.plist */ = {isa = PBXFileReference; lastKnownFileType = text.plist.xml; path = Info.plist; sourceTree = "<group>"; };
		D44EE9B79C92C1B2A2E346DD /* Pods_ToDoList.framework */ = {isa = PBXFileReference; explicitFileType = wrapper.framework; includeInIndex = 0; path = Pods_ToDoList.framework; sourceTree = BUILT_PRODUCTS_DIR; };
/* End PBXFileReference section */

/* Begin PBXFrameworksBuildPhase section */
		9AE58648212B2BC500AE5012 /* Frameworks */ = {
			isa = PBXFrameworksBuildPhase;
			buildActionMask = 2147483647;
			files = (
				3557C1A6EB9701FE063FBD81 /* Pods_ToDoList.framework in Frameworks */,
			);
			runOnlyForDeploymentPostprocessing = 0;
		};
/* End PBXFrameworksBuildPhase section */

/* Begin PBXGroup section */
		853F8F2FA7D35D8C3AE976EA /* Pods */ = {
			isa = PBXGroup;
			children = (
				818D21E9A5D62D4E499BD1A6 /* Pods-ToDoList.debug.xcconfig */,
				1F8715380DA4B111D1B97E6C /* Pods-ToDoList.release.xcconfig */,
			);
			name = Pods;
			sourceTree = "<group>";
		};
		9AE58642212B2BC500AE5012 = {
			isa = PBXGroup;
			children = (
				9AE5864D212B2BC500AE5012 /* ToDoList */,
				9AE5864C212B2BC500AE5012 /* Products */,
				853F8F2FA7D35D8C3AE976EA /* Pods */,
				9FF4129F96018A6F7FF94965 /* Frameworks */,
			);
			sourceTree = "<group>";
		};
		9AE5864C212B2BC500AE5012 /* Products */ = {
			isa = PBXGroup;
			children = (
				9AE5864B212B2BC500AE5012 /* ToDoList.app */,
			);
			name = Products;
			sourceTree = "<group>";
		};
		9AE5864D212B2BC500AE5012 /* ToDoList */ = {
			isa = PBXGroup;
			children = (
				9AE5864E212B2BC500AE5012 /* AppDelegate.swift */,
				9AEA873C212C8C9400B64C9C /* Controllers */,
				9AEA873B212C8C8700B64C9C /* Data Model */,
				9AEA873D212C8CA200B64C9C /* Views */,
				9AEA873E212C8CAE00B64C9C /* Supporting Files */,
				9AE5865A212B2BC500AE5012 /* Info.plist */,
			);
			path = ToDoList;
			sourceTree = "<group>";
		};
		9AEA873B212C8C8700B64C9C /* Data Model */ = {
			isa = PBXGroup;
			children = (
				9AD9FB0E2134713A0066B758 /* Item.swift */,
				9AD9FB10213471470066B758 /* Category.swift */,
			);
			path = "Data Model";
			sourceTree = "<group>";
		};
		9AEA873C212C8C9400B64C9C /* Controllers */ = {
			isa = PBXGroup;
			children = (
				9ACB76482131607E00454854 /* CategoryViewController.swift */,
				9AE58650212B2BC500AE5012 /* ToDoListViewController.swift */,
			);
			path = Controllers;
			sourceTree = "<group>";
		};
		9AEA873D212C8CA200B64C9C /* Views */ = {
			isa = PBXGroup;
			children = (
				9AE58652212B2BC500AE5012 /* Main.storyboard */,
			);
			path = Views;
			sourceTree = "<group>";
		};
		9AEA873E212C8CAE00B64C9C /* Supporting Files */ = {
			isa = PBXGroup;
			children = (
				9AE58655212B2BC500AE5012 /* Assets.xcassets */,
				9AE58657212B2BC500AE5012 /* LaunchScreen.storyboard */,
			);
			path = "Supporting Files";
			sourceTree = "<group>";
		};
		9FF4129F96018A6F7FF94965 /* Frameworks */ = {
			isa = PBXGroup;
			children = (
				D44EE9B79C92C1B2A2E346DD /* Pods_ToDoList.framework */,
			);
			name = Frameworks;
			sourceTree = "<group>";
		};
/* End PBXGroup section */

/* Begin PBXNativeTarget section */
		9AE5864A212B2BC500AE5012 /* ToDoList */ = {
			isa = PBXNativeTarget;
			buildConfigurationList = 9AE5865D212B2BC500AE5012 /* Build configuration list for PBXNativeTarget "ToDoList" */;
			buildPhases = (
				7398F0E5D41C33676392E5BE /* [CP] Check Pods Manifest.lock */,
				9AE58647212B2BC500AE5012 /* Sources */,
				9AE58648212B2BC500AE5012 /* Frameworks */,
				9AE58649212B2BC500AE5012 /* Resources */,
				8D48B319467E58DC702A6650 /* [CP] Embed Pods Frameworks */,
			);
			buildRules = (
			);
			dependencies = (
			);
			name = ToDoList;
			productName = ToDoList;
			productReference = 9AE5864B212B2BC500AE5012 /* ToDoList.app */;
			productType = "com.apple.product-type.application";
		};
/* End PBXNativeTarget section */

/* Begin PBXProject section */
		9AE58643212B2BC500AE5012 /* Project object */ = {
			isa = PBXProject;
			attributes = {
				LastSwiftUpdateCheck = 0910;
				LastUpgradeCheck = 0910;
				ORGANIZATIONNAME = Sierra;
				TargetAttributes = {
					9AE5864A212B2BC500AE5012 = {
						CreatedOnToolsVersion = 9.1;
						ProvisioningStyle = Automatic;
					};
				};
			};
			buildConfigurationList = 9AE58646212B2BC500AE5012 /* Build configuration list for PBXProject "ToDoList" */;
			compatibilityVersion = "Xcode 8.0";
			developmentRegion = en;
			hasScannedForEncodings = 0;
			knownRegions = (
				en,
				Base,
			);
			mainGroup = 9AE58642212B2BC500AE5012;
			productRefGroup = 9AE5864C212B2BC500AE5012 /* Products */;
			projectDirPath = "";
			projectRoot = "";
			targets = (
				9AE5864A212B2BC500AE5012 /* ToDoList */,
			);
		};
/* End PBXProject section */

/* Begin PBXResourcesBuildPhase section */
		9AE58649212B2BC500AE5012 /* Resources */ = {
			isa = PBXResourcesBuildPhase;
			buildActionMask = 2147483647;
			files = (
				9AE58659212B2BC500AE5012 /* LaunchScreen.storyboard in Resources */,
				9AE58656212B2BC500AE5012 /* Assets.xcassets in Resources */,
				9AE58654212B2BC500AE5012 /* Main.storyboard in Resources */,
			);
			runOnlyForDeploymentPostprocessing = 0;
		};
/* End PBXResourcesBuildPhase section */

/* Begin PBXShellScriptBuildPhase section */
		7398F0E5D41C33676392E5BE /* [CP] Check Pods Manifest.lock */ = {
			isa = PBXShellScriptBuildPhase;
			buildActionMask = 2147483647;
			files = (
			);
			inputPaths = (
				"${PODS_PODFILE_DIR_PATH}/Podfile.lock",
				"${PODS_ROOT}/Manifest.lock",
			);
			name = "[CP] Check Pods Manifest.lock";
			outputPaths = (
				"$(DERIVED_FILE_DIR)/Pods-ToDoList-checkManifestLockResult.txt",
			);
			runOnlyForDeploymentPostprocessing = 0;
			shellPath = /bin/sh;
			shellScript = "diff \"${PODS_PODFILE_DIR_PATH}/Podfile.lock\" \"${PODS_ROOT}/Manifest.lock\" > /dev/null\nif [ $? != 0 ] ; then\n    # print error to STDERR\n    echo \"error: The sandbox is not in sync with the Podfile.lock. Run 'pod install' or update your CocoaPods installation.\" >&2\n    exit 1\nfi\n# This output is used by Xcode 'outputs' to avoid re-running this script phase.\necho \"SUCCESS\" > \"${SCRIPT_OUTPUT_FILE_0}\"\n";
			showEnvVarsInLog = 0;
		};
		8D48B319467E58DC702A6650 /* [CP] Embed Pods Frameworks */ = {
			isa = PBXShellScriptBuildPhase;
			buildActionMask = 2147483647;
			files = (
			);
			inputPaths = (
				"${SRCROOT}/Pods/Target Support Files/Pods-ToDoList/Pods-ToDoList-frameworks.sh",
				"${BUILT_PRODUCTS_DIR}/Realm/Realm.framework",
				"${BUILT_PRODUCTS_DIR}/RealmSwift/RealmSwift.framework",
			);
			name = "[CP] Embed Pods Frameworks";
			outputPaths = (
				"${TARGET_BUILD_DIR}/${FRAMEWORKS_FOLDER_PATH}/Realm.framework",
				"${TARGET_BUILD_DIR}/${FRAMEWORKS_FOLDER_PATH}/RealmSwift.framework",
			);
			runOnlyForDeploymentPostprocessing = 0;
			shellPath = /bin/sh;
			shellScript = "\"${SRCROOT}/Pods/Target Support Files/Pods-ToDoList/Pods-ToDoList-frameworks.sh\"\n";
			showEnvVarsInLog = 0;
		};
/* End PBXShellScriptBuildPhase section */

/* Begin PBXSourcesBuildPhase section */
		9AE58647212B2BC500AE5012 /* Sources */ = {
			isa = PBXSourcesBuildPhase;
			buildActionMask = 2147483647;
			files = (
				9AD9FB0F2134713A0066B758 /* Item.swift in Sources */,
				9AD9FB11213471470066B758 /* Category.swift in Sources */,
				9ACB76492131607E00454854 /* CategoryViewController.swift in Sources */,
				9AE58651212B2BC500AE5012 /* ToDoListViewController.swift in Sources */,
				9AE5864F212B2BC500AE5012 /* AppDelegate.swift in Sources */,
			);
			runOnlyForDeploymentPostprocessing = 0;
		};
/* End PBXSourcesBuildPhase section */

/* Begin PBXVariantGroup section */
		9AE58652212B2BC500AE5012 /* Main.storyboard */ = {
			isa = PBXVariantGroup;
			children = (
				9AE58653212B2BC500AE5012 /* Base */,
			);
			name = Main.storyboard;
			sourceTree = "<group>";
		};
		9AE58657212B2BC500AE5012 /* LaunchScreen.storyboard */ = {
			isa = PBXVariantGroup;
			children = (
				9AE58658212B2BC500AE5012 /* Base */,
			);
			name = LaunchScreen.storyboard;
			sourceTree = "<group>";
		};
/* End PBXVariantGroup section */

/* Begin XCBuildConfiguration section */
		9AE5865B212B2BC500AE5012 /* Debug */ = {
			isa = XCBuildConfiguration;
			buildSettings = {
				ALWAYS_SEARCH_USER_PATHS = NO;
				CLANG_ANALYZER_NONNULL = YES;
				CLANG_ANALYZER_NUMBER_OBJECT_CONVERSION = YES_AGGRESSIVE;
				CLANG_CXX_LANGUAGE_STANDARD = "gnu++14";
				CLANG_CXX_LIBRARY = "libc++";
				CLANG_ENABLE_MODULES = YES;
				CLANG_ENABLE_OBJC_ARC = YES;
				CLANG_WARN_BLOCK_CAPTURE_AUTORELEASING = YES;
				CLANG_WARN_BOOL_CONVERSION = YES;
				CLANG_WARN_COMMA = YES;
				CLANG_WARN_CONSTANT_CONVERSION = YES;
				CLANG_WARN_DIRECT_OBJC_ISA_USAGE = YES_ERROR;
				CLANG_WARN_DOCUMENTATION_COMMENTS = YES;
				CLANG_WARN_EMPTY_BODY = YES;
				CLANG_WARN_ENUM_CONVERSION = YES;
				CLANG_WARN_INFINITE_RECURSION = YES;
				CLANG_WARN_INT_CONVERSION = YES;
				CLANG_WARN_NON_LITERAL_NULL_CONVERSION = YES;
				CLANG_WARN_OBJC_LITERAL_CONVERSION = YES;
				CLANG_WARN_OBJC_ROOT_CLASS = YES_ERROR;
				CLANG_WARN_RANGE_LOOP_ANALYSIS = YES;
				CLANG_WARN_STRICT_PROTOTYPES = YES;
				CLANG_WARN_SUSPICIOUS_MOVE = YES;
				CLANG_WARN_UNGUARDED_AVAILABILITY = YES_AGGRESSIVE;
				CLANG_WARN_UNREACHABLE_CODE = YES;
				CLANG_WARN__DUPLICATE_METHOD_MATCH = YES;
				CODE_SIGN_IDENTITY = "iPhone Developer";
				COPY_PHASE_STRIP = NO;
				DEBUG_INFORMATION_FORMAT = dwarf;
				ENABLE_STRICT_OBJC_MSGSEND = YES;
				ENABLE_TESTABILITY = YES;
				GCC_C_LANGUAGE_STANDARD = gnu11;
				GCC_DYNAMIC_NO_PIC = NO;
				GCC_NO_COMMON_BLOCKS = YES;
				GCC_OPTIMIZATION_LEVEL = 0;
				GCC_PREPROCESSOR_DEFINITIONS = (
					"DEBUG=1",
					"$(inherited)",
				);
				GCC_WARN_64_TO_32_BIT_CONVERSION = YES;
				GCC_WARN_ABOUT_RETURN_TYPE = YES_ERROR;
				GCC_WARN_UNDECLARED_SELECTOR = YES;
				GCC_WARN_UNINITIALIZED_AUTOS = YES_AGGRESSIVE;
				GCC_WARN_UNUSED_FUNCTION = YES;
				GCC_WARN_UNUSED_VARIABLE = YES;
				IPHONEOS_DEPLOYMENT_TARGET = 11.1;
				MTL_ENABLE_DEBUG_INFO = YES;
				ONLY_ACTIVE_ARCH = YES;
				SDKROOT = iphoneos;
				SWIFT_ACTIVE_COMPILATION_CONDITIONS = DEBUG;
				SWIFT_OPTIMIZATION_LEVEL = "-Onone";
			};
			name = Debug;
		};
		9AE5865C212B2BC500AE5012 /* Release */ = {
			isa = XCBuildConfiguration;
			buildSettings = {
				ALWAYS_SEARCH_USER_PATHS = NO;
				CLANG_ANALYZER_NONNULL = YES;
				CLANG_ANALYZER_NUMBER_OBJECT_CONVERSION = YES_AGGRESSIVE;
				CLANG_CXX_LANGUAGE_STANDARD = "gnu++14";
				CLANG_CXX_LIBRARY = "libc++";
				CLANG_ENABLE_MODULES = YES;
				CLANG_ENABLE_OBJC_ARC = YES;
				CLANG_WARN_BLOCK_CAPTURE_AUTORELEASING = YES;
				CLANG_WARN_BOOL_CONVERSION = YES;
				CLANG_WARN_COMMA = YES;
				CLANG_WARN_CONSTANT_CONVERSION = YES;
				CLANG_WARN_DIRECT_OBJC_ISA_USAGE = YES_ERROR;
				CLANG_WARN_DOCUMENTATION_COMMENTS = YES;
				CLANG_WARN_EMPTY_BODY = YES;
				CLANG_WARN_ENUM_CONVERSION = YES;
				CLANG_WARN_INFINITE_RECURSION = YES;
				CLANG_WARN_INT_CONVERSION = YES;
				CLANG_WARN_NON_LITERAL_NULL_CONVERSION = YES;
				CLANG_WARN_OBJC_LITERAL_CONVERSION = YES;
				CLANG_WARN_OBJC_ROOT_CLASS = YES_ERROR;
				CLANG_WARN_RANGE_LOOP_ANALYSIS = YES;
				CLANG_WARN_STRICT_PROTOTYPES = YES;
				CLANG_WARN_SUSPICIOUS_MOVE = YES;
				CLANG_WARN_UNGUARDED_AVAILABILITY = YES_AGGRESSIVE;
				CLANG_WARN_UNREACHABLE_CODE = YES;
				CLANG_WARN__DUPLICATE_METHOD_MATCH = YES;
				CODE_SIGN_IDENTITY = "iPhone Developer";
				COPY_PHASE_STRIP = NO;
				DEBUG_INFORMATION_FORMAT = "dwarf-with-dsym";
				ENABLE_NS_ASSERTIONS = NO;
				ENABLE_STRICT_OBJC_MSGSEND = YES;
				GCC_C_LANGUAGE_STANDARD = gnu11;
				GCC_NO_COMMON_BLOCKS = YES;
				GCC_WARN_64_TO_32_BIT_CONVERSION = YES;
				GCC_WARN_ABOUT_RETURN_TYPE = YES_ERROR;
				GCC_WARN_UNDECLARED_SELECTOR = YES;
				GCC_WARN_UNINITIALIZED_AUTOS = YES_AGGRESSIVE;
				GCC_WARN_UNUSED_FUNCTION = YES;
				GCC_WARN_UNUSED_VARIABLE = YES;
				IPHONEOS_DEPLOYMENT_TARGET = 11.1;
				MTL_ENABLE_DEBUG_INFO = NO;
				SDKROOT = iphoneos;
				SWIFT_OPTIMIZATION_LEVEL = "-Owholemodule";
				VALIDATE_PRODUCT = YES;
			};
			name = Release;
		};
		9AE5865E212B2BC500AE5012 /* Debug */ = {
			isa = XCBuildConfiguration;
			baseConfigurationReference = 818D21E9A5D62D4E499BD1A6 /* Pods-ToDoList.debug.xcconfig */;
			buildSettings = {
				ASSETCATALOG_COMPILER_APPICON_NAME = AppIcon;
				CODE_SIGN_STYLE = Automatic;
				INFOPLIST_FILE = ToDoList/Info.plist;
				LD_RUNPATH_SEARCH_PATHS = "$(inherited) @executable_path/Frameworks";
				PRODUCT_BUNDLE_IDENTIFIER = com.rk.ToDoList;
				PRODUCT_NAME = "$(TARGET_NAME)";
				SWIFT_VERSION = 4.0;
				TARGETED_DEVICE_FAMILY = "1,2";
			};
			name = Debug;
		};
		9AE5865F212B2BC500AE5012 /* Release */ = {
			isa = XCBuildConfiguration;
			baseConfigurationReference = 1F8715380DA4B111D1B97E6C /* Pods-ToDoList.release.xcconfig */;
			buildSettings = {
				ASSETCATALOG_COMPILER_APPICON_NAME = AppIcon;
				CODE_SIGN_STYLE = Automatic;
				INFOPLIST_FILE = ToDoList/Info.plist;
				LD_RUNPATH_SEARCH_PATHS = "$(inherited) @executable_path/Frameworks";
				PRODUCT_BUNDLE_IDENTIFIER = com.rk.ToDoList;
				PRODUCT_NAME = "$(TARGET_NAME)";
				SWIFT_VERSION = 4.0;
				TARGETED_DEVICE_FAMILY = "1,2";
			};
			name = Release;
		};
/* End XCBuildConfiguration section */

/* Begin XCConfigurationList section */
		9AE58646212B2BC500AE5012 /* Build configuration list for PBXProject "ToDoList" */ = {
			isa = XCConfigurationList;
			buildConfigurations = (
				9AE5865B212B2BC500AE5012 /* Debug */,
				9AE5865C212B2BC500AE5012 /* Release */,
			);
			defaultConfigurationIsVisible = 0;
			defaultConfigurationName = Release;
		};
		9AE5865D212B2BC500AE5012 /* Build configuration list for PBXNativeTarget "ToDoList" */ = {
			isa = XCConfigurationList;
			buildConfigurations = (
				9AE5865E212B2BC500AE5012 /* Debug */,
				9AE5865F212B2BC500AE5012 /* Release */,
			);
			defaultConfigurationIsVisible = 0;
			defaultConfigurationName = Release;
		};
/* End XCConfigurationList section */
	};
	rootObject = 9AE58643212B2BC500AE5012 /* Project object */;
}
